
Microsoft Visual Studio Solution File, Format Version 12.00
# Visual Studio Version 17
VisualStudioVersion = 17.7.34221.43
MinimumVisualStudioVersion = 10.0.40219.1
Project("{FAE04EC0-301F-11D3-BF4B-00C04F79EFBC}") = "StructType", "StructType\StructType.csproj", "{F501EE92-DED1-4A7F-8580-112F32CF9122}"
EndProject
Global
	GlobalSection(SolutionConfigurationPlatforms) = preSolution
		Debug|Any CPU = Debug|Any CPU
		Release|Any CPU = Release|Any CPU
	EndGlobalSection
	GlobalSection(ProjectConfigurationPlatforms) = postSolution
		{F501EE92-DED1-4A7F-8580-112F32CF9122}.Debug|Any CPU.ActiveCfg = Debug|Any CPU
		{F501EE92-DED1-4A7F-8580-112F32CF9122}.Debug|Any CPU.Build.0 = Debug|Any CPU
		{F501EE92-DED1-4A7F-8580-112F32CF9122}.Release|Any CPU.ActiveCfg = Release|Any CPU
		{F501EE92-DED1-4A7F-8580-112F32CF9122}.Release|Any CPU.Build.0 = Release|Any CPU
	EndGlobalSection
	GlobalSection(SolutionProperties) = preSolution
		HideSolutionNode = FALSE
	EndGlobalSection
	GlobalSection(ExtensibilityGlobals) = postSolution
		SolutionGuid = {39A27529-3290-4BE2-BD1B-EBEA81598A8E}
	EndGlobalSection
EndGlobal
